
Microsoft Visual Studio Solution File, Format Version 12.00
# Visual Studio Version 17
VisualStudioVersion = 17.7.34003.232
MinimumVisualStudioVersion = 10.0.40219.1
Project("{FAE04EC0-301F-11D3-BF4B-00C04F79EFBC}") = "ConsoleApp21", "ConsoleApp21\ConsoleApp21.csproj", "{266AC8F1-90E7-4EA0-8EC2-B11BD536F43D}"
EndProject
Global
	GlobalSection(SolutionConfigurationPlatforms) = preSolution
		Debug|Any CPU = Debug|Any CPU
		Release|Any CPU = Release|Any CPU
	EndGlobalSection
	GlobalSection(ProjectConfigurationPlatforms) = postSolution
		{266AC8F1-90E7-4EA0-8EC2-B11BD536F43D}.Debug|Any CPU.ActiveCfg = Debug|Any CPU
		{266AC8F1-90E7-4EA0-8EC2-B11BD536F43D}.Debug|Any CPU.Build.0 = Debug|Any CPU
		{266AC8F1-90E7-4EA0-8EC2-B11BD536F43D}.Release|Any CPU.ActiveCfg = Release|Any CPU
		{266AC8F1-90E7-4EA0-8EC2-B11BD536F43D}.Release|Any CPU.Build.0 = Release|Any CPU
	EndGlobalSection
	GlobalSection(SolutionProperties) = preSolution
		HideSolutionNode = FALSE
	EndGlobalSection
	GlobalSection(ExtensibilityGlobals) = postSolution
		SolutionGuid = {C7A4B2F6-B22C-493C-BC45-F03B8BECBB8B}
	EndGlobalSection
EndGlobal
