
Microsoft Visual Studio Solution File, Format Version 12.00
# Visual Studio Version 17
VisualStudioVersion = 17.7.34003.232
MinimumVisualStudioVersion = 10.0.40219.1
Project("{FAE04EC0-301F-11D3-BF4B-00C04F79EFBC}") = "ConsoleApp8", "ConsoleApp8\ConsoleApp8.csproj", "{DD36D982-9349-4383-AB55-BBEA18A578BA}"
EndProject
Global
	GlobalSection(SolutionConfigurationPlatforms) = preSolution
		Debug|Any CPU = Debug|Any CPU
		Release|Any CPU = Release|Any CPU
	EndGlobalSection
	GlobalSection(ProjectConfigurationPlatforms) = postSolution
		{DD36D982-9349-4383-AB55-BBEA18A578BA}.Debug|Any CPU.ActiveCfg = Debug|Any CPU
		{DD36D982-9349-4383-AB55-BBEA18A578BA}.Debug|Any CPU.Build.0 = Debug|Any CPU
		{DD36D982-9349-4383-AB55-BBEA18A578BA}.Release|Any CPU.ActiveCfg = Release|Any CPU
		{DD36D982-9349-4383-AB55-BBEA18A578BA}.Release|Any CPU.Build.0 = Release|Any CPU
	EndGlobalSection
	GlobalSection(SolutionProperties) = preSolution
		HideSolutionNode = FALSE
	EndGlobalSection
	GlobalSection(ExtensibilityGlobals) = postSolution
		SolutionGuid = {43FA9603-03E2-419E-9F38-EE4BA7E352E7}
	EndGlobalSection
EndGlobal
